Microsoft Visual Studio Solution File, Format Version 12.00
# Visual Studio Version 17
VisualStudioVersion = 17.5.2.0
MinimumVisualStudioVersion = 10.0.40219.1
Project("{FAE04EC0-301F-11D3-BF4B-00C04F79EFBC}") = "DevOpsDemo", "DevOpsDemo\DevOpsDemo.csproj", "{50664801-AA1F-5CA6-74BA-D292F69D95B0}"
EndProject
Global
	GlobalSection(SolutionConfigurationPlatforms) = preSolution
		Debug|Any CPU = Debug|Any CPU
		Release|Any CPU = Release|Any CPU
	EndGlobalSection
	GlobalSection(ProjectConfigurationPlatforms) = postSolution
		{50664801-AA1F-5CA6-74BA-D292F69D95B0}.Debug|Any CPU.ActiveCfg = Debug|Any CPU
		{50664801-AA1F-5CA6-74BA-D292F69D95B0}.Debug|Any CPU.Build.0 = Debug|Any CPU
		{50664801-AA1F-5CA6-74BA-D292F69D95B0}.Release|Any CPU.ActiveCfg = Release|Any CPU
		{50664801-AA1F-5CA6-74BA-D292F69D95B0}.Release|Any CPU.Build.0 = Release|Any CPU
	EndGlobalSection
	GlobalSection(SolutionProperties) = preSolution
		HideSolutionNode = FALSE
	EndGlobalSection
	GlobalSection(ExtensibilityGlobals) = postSolution
		SolutionGuid = {F42028A6-0C79-4D93-BD54-882CF980F241}
	EndGlobalSection
EndGlobal
